{
	"name": "laksa-utils",
	"version": "0.0.2",
	"lockfileVersion": 1,
	"requires": true,
	"dependencies": {
		"bn.js": {
			"version": "4.11.8",
			"resolved": "https://registry.npmjs.org/bn.js/-/bn.js-4.11.8.tgz",
			"integrity": "sha512-ItfYfPLkWHUjckQCk8xC+LwxgK8NYcXywGigJgSwOP8Y2iyWT4f2vsZnoOXTTbo+o5yXmIUJ4gn5538SO5S3gA=="
		},
		"valid-url": {
			"version": "1.0.9",
			"resolved": "https://registry.npmjs.org/valid-url/-/valid-url-1.0.9.tgz",
			"integrity": "sha1-HBRHm0DxOXp1eC8RXkCGRHQzogA="
		}
	}
}
